// !$*UTF8*$!
{
	archiveVersion = 1;
	classes = {
	};
	objectVersion = 46;
	objects = {

/* Begin PBXBuildFile section */
		59825C831B64538200C1DE7C /* main.m in Sources */ = {isa = PBXBuildFile; fileRef = 59825C821B64538200C1DE7C /* main.m */; };
		59825C861B64538200C1DE7C /* AppDelegate.m in Sources */ = {isa = PBXBuildFile; fileRef = 59825C851B64538200C1DE7C /* AppDelegate.m */; };
		59825C891B64538200C1DE7C /* ViewController.m in Sources */ = {isa = PBXBuildFile; fileRef = 59825C881B64538200C1DE7C /* ViewController.m */; };
		59825C8C1B64538200C1DE7C /* Main.storyboard in Resources */ = {isa = PBXBuildFile; fileRef = 59825C8A1B64538200C1DE7C /* Main.storyboard */; };
		59825C8E1B64538200C1DE7C /* Images.xcassets in Resources */ = {isa = PBXBuildFile; fileRef = 59825C8D1B64538200C1DE7C /* Images.xcassets */; };
		59825C911B64538200C1DE7C /* LaunchScreen.xib in Resources */ = {isa = PBXBuildFile; fileRef = 59825C8F1B64538200C1DE7C /* LaunchScreen.xib */; };
		59825C9D1B64538200C1DE7C /* UILearnTests.m in Sources */ = {isa = PBXBuildFile; fileRef = 59825C9C1B64538200C1DE7C /* UILearnTests.m */; };
		59825CBA1B64578D00C1DE7C /* 10.jpg in Resources */ = {isa = PBXBuildFile; fileRef = 59825CB01B64578D00C1DE7C /* 10.jpg */; };
		59825CBB1B64578D00C1DE7C /* 11.jpg in Resources */ = {isa = PBXBuildFile; fileRef = 59825CB11B64578D00C1DE7C /* 11.jpg */; };
		59825CBC1B64578D00C1DE7C /* 12.jpg in Resources */ = {isa = PBXBuildFile; fileRef = 59825CB21B64578D00C1DE7C /* 12.jpg */; };
		59825CBD1B64578D00C1DE7C /* 1.jpg in Resources */ = {isa = PBXBuildFile; fileRef = 59825CB31B64578D00C1DE7C /* 1.jpg */; };
		59825CBE1B64578D00C1DE7C /* 3.jpg in Resources */ = {isa = PBXBuildFile; fileRef = 59825CB41B64578D00C1DE7C /* 3.jpg */; };
		59825CBF1B64578D00C1DE7C /* 5.jpg in Resources */ = {isa = PBXBuildFile; fileRef = 59825CB51B64578D00C1DE7C /* 5.jpg */; };
		59825CC01B64578D00C1DE7C /* 6.jpg in Resources */ = {isa = PBXBuildFile; fileRef = 59825CB61B64578D00C1DE7C /* 6.jpg */; };
		59825CC11B64578D00C1DE7C /* 7.jpg in Resources */ = {isa = PBXBuildFile; fileRef = 59825CB71B64578D00C1DE7C /* 7.jpg */; };
		59825CC21B64578D00C1DE7C /* 8.jpg in Resources */ = {isa = PBXBuildFile; fileRef = 59825CB81B64578D00C1DE7C /* 8.jpg */; };
		59825CC31B64578D00C1DE7C /* 9.jpg in Resources */ = {isa = PBXBuildFile; fileRef = 59825CB91B64578D00C1DE7C /* 9.jpg */; };
		59825CC71B6980EC00C1DE7C /* SecondViewController.m in Sources */ = {isa = PBXBuildFile; fileRef = 59825CC51B6980EC00C1DE7C /* SecondViewController.m */; };
		59825CC81B6980EC00C1DE7C /* SecondViewController.xib in Resources */ = {isa = PBXBuildFile; fileRef = 59825CC61B6980EC00C1DE7C /* SecondViewController.xib */; };
/* End PBXBuildFile section */

/* Begin PBXContainerItemProxy section */
		59825C971B64538200C1DE7C /* PBXContainerItemProxy */ = {
			isa = PBXContainerItemProxy;
			containerPortal = 59825C751B64538200C1DE7C /* Project object */;
			proxyType = 1;
			remoteGlobalIDString = 59825C7C1B64538200C1DE7C;
			remoteInfo = UILearn;
		};
/* End PBXContainerItemProxy section */

/* Begin PBXFileReference section */
		59825C7D1B64538200C1DE7C /* UILearn.app */ = {isa = PBXFileReference; explicitFileType = wrapper.application; includeInIndex = 0; path = UILearn.app; sourceTree = BUILT_PRODUCTS_DIR; };
		59825C811B64538200C1DE7C /* Info.plist */ = {isa = PBXFileReference; lastKnownFileType = text.plist.xml; path = Info.plist; sourceTree = "<group>"; };
		59825C821B64538200C1DE7C /* main.m */ = {isa = PBXFileReference; lastKnownFileType = sourcecode.c.objc; path = main.m; sourceTree = "<group>"; };
		59825C841B64538200C1DE7C /* AppDelegate.h */ = {isa = PBXFileReference; lastKnownFileType = sourcecode.c.h; path = AppDelegate.h; sourceTree = "<group>"; };
		59825C851B64538200C1DE7C /* AppDelegate.m */ = {isa = PBXFileReference; lastKnownFileType = sourcecode.c.objc; path = AppDelegate.m; sourceTree = "<group>"; };
		59825C871B64538200C1DE7C /* ViewController.h */ = {isa = PBXFileReference; lastKnownFileType = sourcecode.c.h; path = ViewController.h; sourceTree = "<group>"; };
		59825C881B64538200C1DE7C /* ViewController.m */ = {isa = PBXFileReference; lastKnownFileType = sourcecode.c.objc; path = ViewController.m; sourceTree = "<group>"; };
		59825C8B1B64538200C1DE7C /* Base */ = {isa = PBXFileReference; lastKnownFileType = file.storyboard; name = Base; path = Base.lproj/Main.storyboard; sourceTree = "<group>"; };
		59825C8D1B64538200C1DE7C /* Images.xcassets */ = {isa = PBXFileReference; lastKnownFileType = folder.assetcatalog; path = Images.xcassets; sourceTree = "<group>"; };
		59825C901B64538200C1DE7C /* Base */ = {isa = PBXFileReference; lastKnownFileType = file.xib; name = Base; path = Base.lproj/LaunchScreen.xib; sourceTree = "<group>"; };
		59825C961B64538200C1DE7C /* UILearnTests.xctest */ = {isa = PBXFileReference; explicitFileType = wrapper.cfbundle; includeInIndex = 0; path = UILearnTests.xctest; sourceTree = BUILT_PRODUCTS_DIR; };
		59825C9B1B64538200C1DE7C /* Info.plist */ = {isa = PBXFileReference; lastKnownFileType = text.plist.xml; path = Info.plist; sourceTree = "<group>"; };
		59825C9C1B64538200C1DE7C /* UILearnTests.m */ = {isa = PBXFileReference; lastKnownFileType = sourcecode.c.objc; path = UILearnTests.m; sourceTree = "<group>"; };
		59825CB01B64578D00C1DE7C /* 10.jpg */ = {isa = PBXFileReference; lastKnownFileType = image.jpeg; path = 10.jpg; sourceTree = "<group>"; };
		59825CB11B64578D00C1DE7C /* 11.jpg */ = {isa = PBXFileReference; lastKnownFileType = image.jpeg; path = 11.jpg; sourceTree = "<group>"; };
		59825CB21B64578D00C1DE7C /* 12.jpg */ = {isa = PBXFileReference; lastKnownFileType = image.jpeg; path = 12.jpg; sourceTree = "<group>"; };
		59825CB31B64578D00C1DE7C /* 1.jpg */ = {isa = PBXFileReference; lastKnownFileType = image.jpeg; path = 1.jpg; sourceTree = "<group>"; };
		59825CB41B64578D00C1DE7C /* 3.jpg */ = {isa = PBXFileReference; lastKnownFileType = image.jpeg; path = 3.jpg; sourceTree = "<group>"; };
		59825CB51B64578D00C1DE7C /* 5.jpg */ = {isa = PBXFileReference; lastKnownFileType = image.jpeg; path = 5.jpg; sourceTree = "<group>"; };
		59825CB61B64578D00C1DE7C /* 6.jpg */ = {isa = PBXFileReference; lastKnownFileType = image.jpeg; path = 6.jpg; sourceTree = "<group>"; };
		59825CB71B64578D00C1DE7C /* 7.jpg */ = {isa = PBXFileReference; lastKnownFileType = image.jpeg; path = 7.jpg; sourceTree = "<group>"; };
		59825CB81B64578D00C1DE7C /* 8.jpg */ = {isa = PBXFileReference; lastKnownFileType = image.jpeg; path = 8.jpg; sourceTree = "<group>"; };
		59825CB91B64578D00C1DE7C /* 9.jpg */ = {isa = PBXFileReference; lastKnownFileType = image.jpeg; path = 9.jpg; sourceTree = "<group>"; };
		59825CC41B6980EC00C1DE7C /* SecondViewController.h */ = {isa = PBXFileReference; fileEncoding = 4; lastKnownFileType = sourcecode.c.h; path = SecondViewController.h; sourceTree = "<group>"; };
		59825CC51B6980EC00C1DE7C /* SecondViewController.m */ = {isa = PBXFileReference; fileEncoding = 4; lastKnownFileType = sourcecode.c.objc; path = SecondViewController.m; sourceTree = "<group>"; };
		59825CC61B6980EC00C1DE7C /* SecondViewController.xib */ = {isa = PBXFileReference; fileEncoding = 4; lastKnownFileType = file.xib; path = SecondViewController.xib; sourceTree = "<group>"; };
/* End PBXFileReference section */

/* Begin PBXFrameworksBuildPhase section */
		59825C7A1B64538200C1DE7C /* Frameworks */ = {
			isa = PBXFrameworksBuildPhase;
			buildActionMask = 2147483647;
			files = (
			);
			runOnlyForDeploymentPostprocessing = 0;
		};
		59825C931B64538200C1DE7C /* Frameworks */ = {
			isa = PBXFrameworksBuildPhase;
			buildActionMask = 2147483647;
			files = (
			);
			runOnlyForDeploymentPostprocessing = 0;
		};
/* End PBXFrameworksBuildPhase section */

/* Begin PBXGroup section */
		59825C741B64538200C1DE7C = {
			isa = PBXGroup;
			children = (
				59825CAF1B64578D00C1DE7C /* animal */,
				59825C7F1B64538200C1DE7C /* UILearn */,
				59825C991B64538200C1DE7C /* UILearnTests */,
				59825C7E1B64538200C1DE7C /* Products */,
			);
			sourceTree = "<group>";
		};
		59825C7E1B64538200C1DE7C /* Products */ = {
			isa = PBXGroup;
			children = (
				59825C7D1B64538200C1DE7C /* UILearn.app */,
				59825C961B64538200C1DE7C /* UILearnTests.xctest */,
			);
			name = Products;
			sourceTree = "<group>";
		};
		59825C7F1B64538200C1DE7C /* UILearn */ = {
			isa = PBXGroup;
			children = (
				59825C841B64538200C1DE7C /* AppDelegate.h */,
				59825C851B64538200C1DE7C /* AppDelegate.m */,
				59825C871B64538200C1DE7C /* ViewController.h */,
				59825C881B64538200C1DE7C /* ViewController.m */,
				59825C8A1B64538200C1DE7C /* Main.storyboard */,
				59825C8D1B64538200C1DE7C /* Images.xcassets */,
				59825C8F1B64538200C1DE7C /* LaunchScreen.xib */,
				59825C801B64538200C1DE7C /* Supporting Files */,
				59825CC41B6980EC00C1DE7C /* SecondViewController.h */,
				59825CC51B6980EC00C1DE7C /* SecondViewController.m */,
				59825CC61B6980EC00C1DE7C /* SecondViewController.xib */,
			);
			path = UILearn;
			sourceTree = "<group>";
		};
		59825C801B64538200C1DE7C /* Supporting Files */ = {
			isa = PBXGroup;
			children = (
				59825C811B64538200C1DE7C /* Info.plist */,
				59825C821B64538200C1DE7C /* main.m */,
			);
			name = "Supporting Files";
			sourceTree = "<group>";
		};
		59825C991B64538200C1DE7C /* UILearnTests */ = {
			isa = PBXGroup;
			children = (
				59825C9C1B64538200C1DE7C /* UILearnTests.m */,
				59825C9A1B64538200C1DE7C /* Supporting Files */,
			);
			path = UILearnTests;
			sourceTree = "<group>";
		};
		59825C9A1B64538200C1DE7C /* Supporting Files */ = {
			isa = PBXGroup;
			children = (
				59825C9B1B64538200C1DE7C /* Info.plist */,
			);
			name = "Supporting Files";
			sourceTree = "<group>";
		};
		59825CAF1B64578D00C1DE7C /* animal */ = {
			isa = PBXGroup;
			children = (
				59825CB01B64578D00C1DE7C /* 10.jpg */,
				59825CB11B64578D00C1DE7C /* 11.jpg */,
				59825CB21B64578D00C1DE7C /* 12.jpg */,
				59825CB31B64578D00C1DE7C /* 1.jpg */,
				59825CB41B64578D00C1DE7C /* 3.jpg */,
				59825CB51B64578D00C1DE7C /* 5.jpg */,
				59825CB61B64578D00C1DE7C /* 6.jpg */,
				59825CB71B64578D00C1DE7C /* 7.jpg */,
				59825CB81B64578D00C1DE7C /* 8.jpg */,
				59825CB91B64578D00C1DE7C /* 9.jpg */,
			);
			path = animal;
			sourceTree = "<group>";
		};
/* End PBXGroup section */

/* Begin PBXNativeTarget section */
		59825C7C1B64538200C1DE7C /* UILearn */ = {
			isa = PBXNativeTarget;
			buildConfigurationList = 59825CA01B64538200C1DE7C /* Build configuration list for PBXNativeTarget "UILearn" */;
			buildPhases = (
				59825C791B64538200C1DE7C /* Sources */,
				59825C7A1B64538200C1DE7C /* Frameworks */,
				59825C7B1B64538200C1DE7C /* Resources */,
			);
			buildRules = (
			);
			dependencies = (
			);
			name = UILearn;
			productName = UILearn;
			productReference = 59825C7D1B64538200C1DE7C /* UILearn.app */;
			productType = "com.apple.product-type.application";
		};
		59825C951B64538200C1DE7C /* UILearnTests */ = {
			isa = PBXNativeTarget;
			buildConfigurationList = 59825CA31B64538200C1DE7C /* Build configuration list for PBXNativeTarget "UILearnTests" */;
			buildPhases = (
				59825C921B64538200C1DE7C /* Sources */,
				59825C931B64538200C1DE7C /* Frameworks */,
				59825C941B64538200C1DE7C /* Resources */,
			);
			buildRules = (
			);
			dependencies = (
				59825C981B64538200C1DE7C /* PBXTargetDependency */,
			);
			name = UILearnTests;
			productName = UILearnTests;
			productReference = 59825C961B64538200C1DE7C /* UILearnTests.xctest */;
			productType = "com.apple.product-type.bundle.unit-test";
		};
/* End PBXNativeTarget section */

/* Begin PBXProject section */
		59825C751B64538200C1DE7C /* Project object */ = {
			isa = PBXProject;
			attributes = {
				LastUpgradeCheck = 0640;
				ORGANIZATIONNAME = "黄剛";
				TargetAttributes = {
					59825C7C1B64538200C1DE7C = {
						CreatedOnToolsVersion = 6.4;
					};
					59825C951B64538200C1DE7C = {
						CreatedOnToolsVersion = 6.4;
						TestTargetID = 59825C7C1B64538200C1DE7C;
					};
				};
			};
			buildConfigurationList = 59825C781B64538200C1DE7C /* Build configuration list for PBXProject "UILearn" */;
			compatibilityVersion = "Xcode 3.2";
			developmentRegion = English;
			hasScannedForEncodings = 0;
			knownRegions = (
				en,
				Base,
			);
			mainGroup = 59825C741B64538200C1DE7C;
			productRefGroup = 59825C7E1B64538200C1DE7C /* Products */;
			projectDirPath = "";
			projectRoot = "";
			targets = (
				59825C7C1B64538200C1DE7C /* UILearn */,
				59825C951B64538200C1DE7C /* UILearnTests */,
			);
		};
/* End PBXProject section */

/* Begin PBXResourcesBuildPhase section */
		59825C7B1B64538200C1DE7C /* Resources */ = {
			isa = PBXResourcesBuildPhase;
			buildActionMask = 2147483647;
			files = (
				59825CC31B64578D00C1DE7C /* 9.jpg in Resources */,
				59825CC21B64578D00C1DE7C /* 8.jpg in Resources */,
				59825CC11B64578D00C1DE7C /* 7.jpg in Resources */,
				59825CBB1B64578D00C1DE7C /* 11.jpg in Resources */,
				59825C8C1B64538200C1DE7C /* Main.storyboard in Resources */,
				59825CBD1B64578D00C1DE7C /* 1.jpg in Resources */,
				59825CBF1B64578D00C1DE7C /* 5.jpg in Resources */,
				59825CC01B64578D00C1DE7C /* 6.jpg in Resources */,
				59825CC81B6980EC00C1DE7C /* SecondViewController.xib in Resources */,
				59825CBC1B64578D00C1DE7C /* 12.jpg in Resources */,
				59825C911B64538200C1DE7C /* LaunchScreen.xib in Resources */,
				59825CBA1B64578D00C1DE7C /* 10.jpg in Resources */,
				59825C8E1B64538200C1DE7C /* Images.xcassets in Resources */,
				59825CBE1B64578D00C1DE7C /* 3.jpg in Resources */,
			);
			runOnlyForDeploymentPostprocessing = 0;
		};
		59825C941B64538200C1DE7C /* Resources */ = {
			isa = PBXResourcesBuildPhase;
			buildActionMask = 2147483647;
			files = (
			);
			runOnlyForDeploymentPostprocessing = 0;
		};
/* End PBXResourcesBuildPhase section */

/* Begin PBXSourcesBuildPhase section */
		59825C791B64538200C1DE7C /* Sources */ = {
			isa = PBXSourcesBuildPhase;
			buildActionMask = 2147483647;
			files = (
				59825CC71B6980EC00C1DE7C /* SecondViewController.m in Sources */,
				59825C891B64538200C1DE7C /* ViewController.m in Sources */,
				59825C861B64538200C1DE7C /* AppDelegate.m in Sources */,
				59825C831B64538200C1DE7C /* main.m in Sources */,
			);
			runOnlyForDeploymentPostprocessing = 0;
		};
		59825C921B64538200C1DE7C /* Sources */ = {
			isa = PBXSourcesBuildPhase;
			buildActionMask = 2147483647;
			files = (
				59825C9D1B64538200C1DE7C /* UILearnTests.m in Sources */,
			);
			runOnlyForDeploymentPostprocessing = 0;
		};
/* End PBXSourcesBuildPhase section */

/* Begin PBXTargetDependency section */
		59825C981B64538200C1DE7C /* PBXTargetDependency */ = {
			isa = PBXTargetDependency;
			target = 59825C7C1B64538200C1DE7C /* UILearn */;
			targetProxy = 59825C971B64538200C1DE7C /* PBXContainerItemProxy */;
		};
/* End PBXTargetDependency section */

/* Begin PBXVariantGroup section */
		59825C8A1B64538200C1DE7C /* Main.storyboard */ = {
			isa = PBXVariantGroup;
			children = (
				59825C8B1B64538200C1DE7C /* Base */,
			);
			name = Main.storyboard;
			sourceTree = "<group>";
		};
		59825C8F1B64538200C1DE7C /* LaunchScreen.xib */ = {
			isa = PBXVariantGroup;
			children = (
				59825C901B64538200C1DE7C /* Base */,
			);
			name = LaunchScreen.xib;
			sourceTree = "<group>";
		};
/* End PBXVariantGroup section */

/* Begin XCBuildConfiguration section */
		59825C9E1B64538200C1DE7C /* Debug */ = {
			isa = XCBuildConfiguration;
			buildSettings = {
				ALWAYS_SEARCH_USER_PATHS = NO;
				CLANG_CXX_LANGUAGE_STANDARD = "gnu++0x";
				CLANG_CXX_LIBRARY = "libc++";
				CLANG_ENABLE_MODULES = YES;
				CLANG_ENABLE_OBJC_ARC = YES;
				CLANG_WARN_BOOL_CONVERSION = YES;
				CLANG_WARN_CONSTANT_CONVERSION = YES;
				CLANG_WARN_DIRECT_OBJC_ISA_USAGE = YES_ERROR;
				CLANG_WARN_EMPTY_BODY = YES;
				CLANG_WARN_ENUM_CONVERSION = YES;
				CLANG_WARN_INT_CONVERSION = YES;
				CLANG_WARN_OBJC_ROOT_CLASS = YES_ERROR;
				CLANG_WARN_UNREACHABLE_CODE = YES;
				CLANG_WARN__DUPLICATE_METHOD_MATCH = YES;
				"CODE_SIGN_IDENTITY[sdk=iphoneos*]" = "iPhone Developer";
				COPY_PHASE_STRIP = NO;
				DEBUG_INFORMATION_FORMAT = "dwarf-with-dsym";
				ENABLE_STRICT_OBJC_MSGSEND = YES;
				GCC_C_LANGUAGE_STANDARD = gnu99;
				GCC_DYNAMIC_NO_PIC = NO;
				GCC_NO_COMMON_BLOCKS = YES;
				GCC_OPTIMIZATION_LEVEL = 0;
				GCC_PREPROCESSOR_DEFINITIONS = (
					"DEBUG=1",
					"$(inherited)",
				);
				GCC_SYMBOLS_PRIVATE_EXTERN = NO;
				GCC_WARN_64_TO_32_BIT_CONVERSION = YES;
				GCC_WARN_ABOUT_RETURN_TYPE = YES_ERROR;
				GCC_WARN_UNDECLARED_SELECTOR = YES;
				GCC_WARN_UNINITIALIZED_AUTOS = YES_AGGRESSIVE;
				GCC_WARN_UNUSED_FUNCTION = YES;
				GCC_WARN_UNUSED_VARIABLE = YES;
				IPHONEOS_DEPLOYMENT_TARGET = 8.4;
				MTL_ENABLE_DEBUG_INFO = YES;
				ONLY_ACTIVE_ARCH = YES;
				SDKROOT = iphoneos;
			};
			name = Debug;
		};
		59825C9F1B64538200C1DE7C /* Release */ = {
			isa = XCBuildConfiguration;
			buildSettings = {
				ALWAYS_SEARCH_USER_PATHS = NO;
				CLANG_CXX_LANGUAGE_STANDARD = "gnu++0x";
				CLANG_CXX_LIBRARY = "libc++";
				CLANG_ENABLE_MODULES = YES;
				CLANG_ENABLE_OBJC_ARC = YES;
				CLANG_WARN_BOOL_CONVERSION = YES;
				CLANG_WARN_CONSTANT_CONVERSION = YES;
				CLANG_WARN_DIRECT_OBJC_ISA_USAGE = YES_ERROR;
				CLANG_WARN_EMPTY_BODY = YES;
				CLANG_WARN_ENUM_CONVERSION = YES;
				CLANG_WARN_INT_CONVERSION = YES;
				CLANG_WARN_OBJC_ROOT_CLASS = YES_ERROR;
				CLANG_WARN_UNREACHABLE_CODE = YES;
				CLANG_WARN__DUPLICATE_METHOD_MATCH = YES;
				"CODE_SIGN_IDENTITY[sdk=iphoneos*]" = "iPhone Developer";
				COPY_PHASE_STRIP = NO;
				DEBUG_INFORMATION_FORMAT = "dwarf-with-dsym";
				ENABLE_NS_ASSERTIONS = NO;
				ENABLE_STRICT_OBJC_MSGSEND = YES;
				GCC_C_LANGUAGE_STANDARD = gnu99;
				GCC_NO_COMMON_BLOCKS = YES;
				GCC_WARN_64_TO_32_BIT_CONVERSION = YES;
				GCC_WARN_ABOUT_RETURN_TYPE = YES_ERROR;
				GCC_WARN_UNDECLARED_SELECTOR = YES;
				GCC_WARN_UNINITIALIZED_AUTOS = YES_AGGRESSIVE;
				GCC_WARN_UNUSED_FUNCTION = YES;
				GCC_WARN_UNUSED_VARIABLE = YES;
				IPHONEOS_DEPLOYMENT_TARGET = 8.4;
				MTL_ENABLE_DEBUG_INFO = NO;
				SDKROOT = iphoneos;
				VALIDATE_PRODUCT = YES;
			};
			name = Release;
		};
		59825CA11B64538200C1DE7C /* Debug */ = {
			isa = XCBuildConfiguration;
			buildSettings = {
				ASSETCATALOG_COMPILER_APPICON_NAME = AppIcon;
				INFOPLIST_FILE = UILearn/Info.plist;
				LD_RUNPATH_SEARCH_PATHS = "$(inherited) @executable_path/Frameworks";
				PRODUCT_NAME = "$(TARGET_NAME)";
			};
			name = Debug;
		};
		59825CA21B64538200C1DE7C /* Release */ = {
			isa = XCBuildConfiguration;
			buildSettings = {
				ASSETCATALOG_COMPILER_APPICON_NAME = AppIcon;
				INFOPLIST_FILE = UILearn/Info.plist;
				LD_RUNPATH_SEARCH_PATHS = "$(inherited) @executable_path/Frameworks";
				PRODUCT_NAME = "$(TARGET_NAME)";
			};
			name = Release;
		};
		59825CA41B64538200C1DE7C /* Debug */ = {
			isa = XCBuildConfiguration;
			buildSettings = {
				BUNDLE_LOADER = "$(TEST_HOST)";
				FRAMEWORK_SEARCH_PATHS = (
					"$(SDKROOT)/Developer/Library/Frameworks",
					"$(inherited)",
				);
				GCC_PREPROCESSOR_DEFINITIONS = (
					"DEBUG=1",
					"$(inherited)",
				);
				INFOPLIST_FILE = UILearnTests/Info.plist;
				LD_RUNPATH_SEARCH_PATHS = "$(inherited) @executable_path/Frameworks @loader_path/Frameworks";
				PRODUCT_NAME = "$(TARGET_NAME)";
				TEST_HOST = "$(BUILT_PRODUCTS_DIR)/UILearn.app/UILearn";
			};
			name = Debug;
		};
		59825CA51B64538200C1DE7C /* Release */ = {
			isa = XCBuildConfiguration;
			buildSettings = {
				BUNDLE_LOADER = "$(TEST_HOST)";
				FRAMEWORK_SEARCH_PATHS = (
					"$(SDKROOT)/Developer/Library/Frameworks",
					"$(inherited)",
				);
				INFOPLIST_FILE = UILearnTests/Info.plist;
				LD_RUNPATH_SEARCH_PATHS = "$(inherited) @executable_path/Frameworks @loader_path/Frameworks";
				PRODUCT_NAME = "$(TARGET_NAME)";
				TEST_HOST = "$(BUILT_PRODUCTS_DIR)/UILearn.app/UILearn";
			};
			name = Release;
		};
/* End XCBuildConfiguration section */

/* Begin XCConfigurationList section */
		59825C781B64538200C1DE7C /* Build configuration list for PBXProject "UILearn" */ = {
			isa = XCConfigurationList;
			buildConfigurations = (
				59825C9E1B64538200C1DE7C /* Debug */,
				59825C9F1B64538200C1DE7C /* Release */,
			);
			defaultConfigurationIsVisible = 0;
			defaultConfigurationName = Release;
		};
		59825CA01B64538200C1DE7C /* Build configuration list for PBXNativeTarget "UILearn" */ = {
			isa = XCConfigurationList;
			buildConfigurations = (
				59825CA11B64538200C1DE7C /* Debug */,
				59825CA21B64538200C1DE7C /* Release */,
			);
			defaultConfigurationIsVisible = 0;
			defaultConfigurationName = Release;
		};
		59825CA31B64538200C1DE7C /* Build configuration list for PBXNativeTarget "UILearnTests" */ = {
			isa = XCConfigurationList;
			buildConfigurations = (
				59825CA41B64538200C1DE7C /* Debug */,
				59825CA51B64538200C1DE7C /* Release */,
			);
			defaultConfigurationIsVisible = 0;
			defaultConfigurationName = Release;
		};
/* End XCConfigurationList section */
	};
	rootObject = 59825C751B64538200C1DE7C /* Project object */;
}
